
Microsoft Visual Studio Solution File, Format Version 12.00
# Visual Studio Version 16
VisualStudioVersion = 16.0.29519.181
MinimumVisualStudioVersion = 10.0.40219.1
Project("{FAE04EC0-301F-11D3-BF4B-00C04F79EFBC}") = "TimetableGenerator", "TimetableGenerator\TimetableGenerator.csproj", "{B00FCB14-66C3-4CB5-A480-7F1988BEE9D4}"
EndProject
Global
	GlobalSection(SolutionConfigurationPlatforms) = preSolution
		Debug|Any CPU = Debug|Any CPU
		Release|Any CPU = Release|Any CPU
	EndGlobalSection
	GlobalSection(ProjectConfigurationPlatforms) = postSolution
		{B00FCB14-66C3-4CB5-A480-7F1988BEE9D4}.Debug|Any CPU.ActiveCfg = Debug|Any CPU
		{B00FCB14-66C3-4CB5-A480-7F1988BEE9D4}.Debug|Any CPU.Build.0 = Debug|Any CPU
		{B00FCB14-66C3-4CB5-A480-7F1988BEE9D4}.Release|Any CPU.ActiveCfg = Release|Any CPU
		{B00FCB14-66C3-4CB5-A480-7F1988BEE9D4}.Release|Any CPU.Build.0 = Release|Any CPU
	EndGlobalSection
	GlobalSection(SolutionProperties) = preSolution
		HideSolutionNode = FALSE
	EndGlobalSection
	GlobalSection(ExtensibilityGlobals) = postSolution
		SolutionGuid = {F8EDF9AC-F6F8-4010-B6C5-5C0F7127CC3B}
	EndGlobalSection
EndGlobal
